{
  "name": "SWAPS",
  "lockfileVersion": 3,
  "requires": true,
  "packages": {
    "": {
      "dependencies": {
        "@sentry/browser": "^10.61.0"
      }
    },
    "node_modules/@sentry/browser": {
      "version": "10.61.0",
      "resolved": "https://registry.npmjs.org/@sentry/browser/-/browser-10.61.0.tgz",
      "integrity": "sha512-I02k3/tpCbQ+Dm3d1eA+JHVS452gY4fCTh+fT3FcfZkovB/WaeJcwc+ywQN1jpTYBRKZ1HbXXZQhEhXYvb8MkA==",
      "license": "MIT",
      "dependencies": {
        "@sentry/browser-utils": "10.61.0",
        "@sentry/core": "10.61.0",
        "@sentry/feedback": "10.61.0",
        "@sentry/replay": "10.61.0",
        "@sentry/replay-canvas": "10.61.0"
      },
      "engines": {
        "node": ">=18"
      }
    },
    "node_modules/@sentry/browser-utils": {
      "version": "10.61.0",
      "resolved": "https://registry.npmjs.org/@sentry/browser-utils/-/browser-utils-10.61.0.tgz",
      "integrity": "sha512-kj/Qs5hz/VQPOLesgv9wq8O1z3aKSHSkyFiCSzaOthb8ARISchk8Eiukbvw9GxX2gmgsCd0L35gD6gxnhlE9ag==",
      "license": "MIT",
      "dependencies": {
        "@sentry/core": "10.61.0"
      },
      "engines": {
        "node": ">=18"
      }
    },
    "node_modules/@sentry/core": {
      "version": "10.61.0",
      "resolved": "https://registry.npmjs.org/@sentry/core/-/core-10.61.0.tgz",
      "integrity": "sha512-Edg8t2w45qEKiFnjeA6zRmU47R6la5FEMG+maZEOB2oTyJ+ujmh8LGaZ3G8aC0VdkKn8CXhHtDesze6oDc1oTA==",
      "license": "MIT",
      "engines": {
        "node": ">=18"
      }
    },
    "node_modules/@sentry/feedback": {
      "version": "10.61.0",
      "resolved": "https://registry.npmjs.org/@sentry/feedback/-/feedback-10.61.0.tgz",
      "integrity": "sha512-DvG5pc2BibQjdvFC75u1S5DzghcFZ/juCDb2UnRKjiWnNhiUUAweAkUv4mMednrbuOeGOgO2R3CaiqIvDrAUAw==",
      "license": "MIT",
      "dependencies": {
        "@sentry/core": "10.61.0"
      },
      "engines": {
        "node": ">=18"
      }
    },
    "node_modules/@sentry/replay": {
      "version": "10.61.0",
      "resolved": "https://registry.npmjs.org/@sentry/replay/-/replay-10.61.0.tgz",
      "integrity": "sha512-EkLaPR7A89mRGucZY9WxKLGeiRKMuNeGfIthLrs9cumUP8Smc80qxSAsF3NggRHSQEeYHDAifY/1q1qW16yvJg==",
      "license": "MIT",
      "dependencies": {
        "@sentry/browser-utils": "10.61.0",
        "@sentry/core": "10.61.0"
      },
      "engines": {
        "node": ">=18"
      }
    },
    "node_modules/@sentry/replay-canvas": {
      "version": "10.61.0",
      "resolved": "https://registry.npmjs.org/@sentry/replay-canvas/-/replay-canvas-10.61.0.tgz",
      "integrity": "sha512-n6QUN+qylEdKLcijpJsJ58ekY58kg0nG0dKxkD2wecKubl7B1mj/gwP35NmJOZ35vJTk/KbJeWB//finspJqYg==",
      "license": "MIT",
      "dependencies": {
        "@sentry/core": "10.61.0",
        "@sentry/replay": "10.61.0"
      },
      "engines": {
        "node": ">=18"
      }
    },
    "src/dataconnect-generated": {
      "extraneous": true
    }
  }
}
